
Microsoft Visual Studio Solution File, Format Version 12.00
# Visual Studio Version 16
VisualStudioVersion = 16.0.31729.503
MinimumVisualStudioVersion = 10.0.40219.1
Project("{8BC9CEB8-8B4A-11D0-8D11-00A0C91BC942}") = "Code", "Code.vcxproj", "{8340811A-DD17-4949-8411-26A65088D0C3}"
EndProject
Global
	GlobalSection(SolutionConfigurationPlatforms) = preSolution
		Debug|x64 = Debug|x64
		Debug|x86 = Debug|x86
		Release|x64 = Release|x64
		Release|x86 = Release|x86
	EndGlobalSection
	GlobalSection(ProjectConfigurationPlatforms) = postSolution
		{8340811A-DD17-4949-8411-26A65088D0C3}.Debug|x64.ActiveCfg = Debug|x64
		{8340811A-DD17-4949-8411-26A65088D0C3}.Debug|x64.Build.0 = Debug|x64
		{8340811A-DD17-4949-8411-26A65088D0C3}.Debug|x86.ActiveCfg = Debug|Win32
		{8340811A-DD17-4949-8411-26A65088D0C3}.Debug|x86.Build.0 = Debug|Win32
		{8340811A-DD17-4949-8411-26A65088D0C3}.Release|x64.ActiveCfg = Release|x64
		{8340811A-DD17-4949-8411-26A65088D0C3}.Release|x64.Build.0 = Release|x64
		{8340811A-DD17-4949-8411-26A65088D0C3}.Release|x86.ActiveCfg = Release|Win32
		{8340811A-DD17-4949-8411-26A65088D0C3}.Release|x86.Build.0 = Release|Win32
	EndGlobalSection
	GlobalSection(SolutionProperties) = preSolution
		HideSolutionNode = FALSE
	EndGlobalSection
	GlobalSection(ExtensibilityGlobals) = postSolution
		SolutionGuid = {DD7413C9-7C68-420C-BAD6-BFAE883CBDC2}
	EndGlobalSection
EndGlobal
